
Microsoft Visual Studio Solution File, Format Version 12.00
# Visual Studio Version 16
VisualStudioVersion = 16.0.33529.622
MinimumVisualStudioVersion = 10.0.40219.1
Project("{FAE04EC0-301F-11D3-BF4B-00C04F79EFBC}") = "employee1", "employee1\employee1.csproj", "{5FFE699D-41AF-481E-8C04-CA1CE85FDDCA}"
EndProject
Global
	GlobalSection(SolutionConfigurationPlatforms) = preSolution
		Debug|Any CPU = Debug|Any CPU
		Release|Any CPU = Release|Any CPU
	EndGlobalSection
	GlobalSection(ProjectConfigurationPlatforms) = postSolution
		{5FFE699D-41AF-481E-8C04-CA1CE85FDDCA}.Debug|Any CPU.ActiveCfg = Debug|Any CPU
		{5FFE699D-41AF-481E-8C04-CA1CE85FDDCA}.Debug|Any CPU.Build.0 = Debug|Any CPU
		{5FFE699D-41AF-481E-8C04-CA1CE85FDDCA}.Release|Any CPU.ActiveCfg = Release|Any CPU
		{5FFE699D-41AF-481E-8C04-CA1CE85FDDCA}.Release|Any CPU.Build.0 = Release|Any CPU
	EndGlobalSection
	GlobalSection(SolutionProperties) = preSolution
		HideSolutionNode = FALSE
	EndGlobalSection
	GlobalSection(ExtensibilityGlobals) = postSolution
		SolutionGuid = {17D5CC1B-B177-4D8A-9B5B-BE4D6AE0EA6C}
	EndGlobalSection
EndGlobal
